
Microsoft Visual Studio Solution File, Format Version 10.00
# Visual Studio 2008
Project("{8BC9CEB8-8B4A-11D0-8D11-00A0C91BC942}") = "libClp", "..\..\..\Clp\MSVisualStudio\v9\libClp\libClp.vcproj", "{4F8F7D1C-3A9E-444D-8EE9-77F33FA05994}"
EndProject
Project("{8BC9CEB8-8B4A-11D0-8D11-00A0C91BC942}") = "libCoinUtils", "..\..\..\CoinUtils\MSVisualStudio\v9\libCoinUtils\libCoinUtils.vcproj", "{C4867F15-438D-4FF8-8388-62FBAAA9786C}"
EndProject
Project("{8BC9CEB8-8B4A-11D0-8D11-00A0C91BC942}") = "libCgl", "..\..\..\Cgl\MSVisualStudio\v9\libCgl\libCgl.vcproj", "{DBEA3904-F0B8-408A-9E1A-6497FEBE8C42}"
EndProject
Project("{8BC9CEB8-8B4A-11D0-8D11-00A0C91BC942}") = "libCbc", "..\..\..\Cbc\MSVisualStudio\v9\libCbc\libCbc.vcproj", "{363BA154-FEC9-4E1E-BC23-93CEC58AB785}"
EndProject
Project("{8BC9CEB8-8B4A-11D0-8D11-00A0C91BC942}") = "libOsi", "..\..\..\Osi\MSVisualStudio\v9\libOsi\libOsi.vcproj", "{7D98E2CB-876E-4F75-9F71-77D3FE87E149}"
EndProject
Project("{8BC9CEB8-8B4A-11D0-8D11-00A0C91BC942}") = "libOsiClp", "..\..\..\Clp\MSVisualStudio\v9\libOsiClp\libOsiClp.vcproj", "{02D45875-A8CF-41B9-990B-3699C0ECFE10}"
EndProject
Project("{8BC9CEB8-8B4A-11D0-8D11-00A0C91BC942}") = "CoinMP", "CoinMP\CoinMP.vcproj", "{175F0674-F0B9-479C-9C9D-76969C06D794}"
	ProjectSection(ProjectDependencies) = postProject
		{DBEA3904-F0B8-408A-9E1A-6497FEBE8C42} = {DBEA3904-F0B8-408A-9E1A-6497FEBE8C42}
		{C4867F15-438D-4FF8-8388-62FBAAA9786C} = {C4867F15-438D-4FF8-8388-62FBAAA9786C}
		{4F8F7D1C-3A9E-444D-8EE9-77F33FA05994} = {4F8F7D1C-3A9E-444D-8EE9-77F33FA05994}
		{363BA154-FEC9-4E1E-BC23-93CEC58AB785} = {363BA154-FEC9-4E1E-BC23-93CEC58AB785}
		{02D45875-A8CF-41B9-990B-3699C0ECFE10} = {02D45875-A8CF-41B9-990B-3699C0ECFE10}
		{71DA4595-E8A7-4B21-A00A-D96D29D11E3E} = {71DA4595-E8A7-4B21-A00A-D96D29D11E3E}
		{7D98E2CB-876E-4F75-9F71-77D3FE87E149} = {7D98E2CB-876E-4F75-9F71-77D3FE87E149}
	EndProjectSection
EndProject
Project("{8BC9CEB8-8B4A-11D0-8D11-00A0C91BC942}") = "unitTest", "unitTest\unitTest.vcproj", "{9F2D36EA-6D9E-42CB-A648-BCC0CB3E68E6}"
	ProjectSection(ProjectDependencies) = postProject
		{175F0674-F0B9-479C-9C9D-76969C06D794} = {175F0674-F0B9-479C-9C9D-76969C06D794}
	EndProjectSection
EndProject
Project("{8BC9CEB8-8B4A-11D0-8D11-00A0C91BC942}") = "libCbcSolver", "..\..\..\Cbc\MSVisualStudio\v9\libCbcSolver\libCbcSolver.vcproj", "{71DA4595-E8A7-4B21-A00A-D96D29D11E3E}"
EndProject
Global
	GlobalSection(SolutionConfigurationPlatforms) = preSolution
		Debug|Any CPU = Debug|Any CPU
		Debug|Mixed Platforms = Debug|Mixed Platforms
		Debug|Win32 = Debug|Win32
		Debug|x64 = Debug|x64
		Release|Any CPU = Release|Any CPU
		Release|Mixed Platforms = Release|Mixed Platforms
		Release|Win32 = Release|Win32
		Release|x64 = Release|x64
	EndGlobalSection
	GlobalSection(ProjectConfigurationPlatforms) = postSolution
		{4F8F7D1C-3A9E-444D-8EE9-77F33FA05994}.Debug|Any CPU.ActiveCfg = Debug|Win32
		{4F8F7D1C-3A9E-444D-8EE9-77F33FA05994}.Debug|Mixed Platforms.ActiveCfg = Debug|Win32
		{4F8F7D1C-3A9E-444D-8EE9-77F33FA05994}.Debug|Mixed Platforms.Build.0 = Debug|Win32
		{4F8F7D1C-3A9E-444D-8EE9-77F33FA05994}.Debug|Win32.ActiveCfg = Debug|Win32
		{4F8F7D1C-3A9E-444D-8EE9-77F33FA05994}.Debug|Win32.Build.0 = Debug|Win32
		{4F8F7D1C-3A9E-444D-8EE9-77F33FA05994}.Debug|x64.ActiveCfg = Debug|x64
		{4F8F7D1C-3A9E-444D-8EE9-77F33FA05994}.Debug|x64.Build.0 = Debug|x64
		{4F8F7D1C-3A9E-444D-8EE9-77F33FA05994}.Release|Any CPU.ActiveCfg = Release|Win32
		{4F8F7D1C-3A9E-444D-8EE9-77F33FA05994}.Release|Mixed Platforms.ActiveCfg = Release|Win32
		{4F8F7D1C-3A9E-444D-8EE9-77F33FA05994}.Release|Mixed Platforms.Build.0 = Release|Win32
		{4F8F7D1C-3A9E-444D-8EE9-77F33FA05994}.Release|Win32.ActiveCfg = Release|Win32
		{4F8F7D1C-3A9E-444D-8EE9-77F33FA05994}.Release|Win32.Build.0 = Release|Win32
		{4F8F7D1C-3A9E-444D-8EE9-77F33FA05994}.Release|x64.ActiveCfg = Release|x64
		{4F8F7D1C-3A9E-444D-8EE9-77F33FA05994}.Release|x64.Build.0 = Release|x64
		{C4867F15-438D-4FF8-8388-62FBAAA9786C}.Debug|Any CPU.ActiveCfg = Debug|Win32
		{C4867F15-438D-4FF8-8388-62FBAAA9786C}.Debug|Mixed Platforms.ActiveCfg = Debug|Win32
		{C4867F15-438D-4FF8-8388-62FBAAA9786C}.Debug|Mixed Platforms.Build.0 = Debug|Win32
		{C4867F15-438D-4FF8-8388-62FBAAA9786C}.Debug|Win32.ActiveCfg = Debug|Win32
		{C4867F15-438D-4FF8-8388-62FBAAA9786C}.Debug|Win32.Build.0 = Debug|Win32
		{C4867F15-438D-4FF8-8388-62FBAAA9786C}.Debug|x64.ActiveCfg = Debug|x64
		{C4867F15-438D-4FF8-8388-62FBAAA9786C}.Debug|x64.Build.0 = Debug|x64
		{C4867F15-438D-4FF8-8388-62FBAAA9786C}.Release|Any CPU.ActiveCfg = Release|Win32
		{C4867F15-438D-4FF8-8388-62FBAAA9786C}.Release|Mixed Platforms.ActiveCfg = Release|Win32
		{C4867F15-438D-4FF8-8388-62FBAAA9786C}.Release|Mixed Platforms.Build.0 = Release|Win32
		{C4867F15-438D-4FF8-8388-62FBAAA9786C}.Release|Win32.ActiveCfg = Release|Win32
		{C4867F15-438D-4FF8-8388-62FBAAA9786C}.Release|Win32.Build.0 = Release|Win32
		{C4867F15-438D-4FF8-8388-62FBAAA9786C}.Release|x64.ActiveCfg = Release|x64
		{C4867F15-438D-4FF8-8388-62FBAAA9786C}.Release|x64.Build.0 = Release|x64
		{DBEA3904-F0B8-408A-9E1A-6497FEBE8C42}.Debug|Any CPU.ActiveCfg = Debug|Win32
		{DBEA3904-F0B8-408A-9E1A-6497FEBE8C42}.Debug|Mixed Platforms.ActiveCfg = Debug|Win32
		{DBEA3904-F0B8-408A-9E1A-6497FEBE8C42}.Debug|Mixed Platforms.Build.0 = Debug|Win32
		{DBEA3904-F0B8-408A-9E1A-6497FEBE8C42}.Debug|Win32.ActiveCfg = Debug|Win32
		{DBEA3904-F0B8-408A-9E1A-6497FEBE8C42}.Debug|Win32.Build.0 = Debug|Win32
		{DBEA3904-F0B8-408A-9E1A-6497FEBE8C42}.Debug|x64.ActiveCfg = Debug|x64
		{DBEA3904-F0B8-408A-9E1A-6497FEBE8C42}.Debug|x64.Build.0 = Debug|x64
		{DBEA3904-F0B8-408A-9E1A-6497FEBE8C42}.Release|Any CPU.ActiveCfg = Release|Win32
		{DBEA3904-F0B8-408A-9E1A-6497FEBE8C42}.Release|Mixed Platforms.ActiveCfg = Release|Win32
		{DBEA3904-F0B8-408A-9E1A-6497FEBE8C42}.Release|Mixed Platforms.Build.0 = Release|Win32
		{DBEA3904-F0B8-408A-9E1A-6497FEBE8C42}.Release|Win32.ActiveCfg = Release|Win32
		{DBEA3904-F0B8-408A-9E1A-6497FEBE8C42}.Release|Win32.Build.0 = Release|Win32
		{DBEA3904-F0B8-408A-9E1A-6497FEBE8C42}.Release|x64.ActiveCfg = Release|x64
		{DBEA3904-F0B8-408A-9E1A-6497FEBE8C42}.Release|x64.Build.0 = Release|x64
		{363BA154-FEC9-4E1E-BC23-93CEC58AB785}.Debug|Any CPU.ActiveCfg = Debug|Win32
		{363BA154-FEC9-4E1E-BC23-93CEC58AB785}.Debug|Mixed Platforms.ActiveCfg = Debug|Win32
		{363BA154-FEC9-4E1E-BC23-93CEC58AB785}.Debug|Mixed Platforms.Build.0 = Debug|Win32
		{363BA154-FEC9-4E1E-BC23-93CEC58AB785}.Debug|Win32.ActiveCfg = Debug|Win32
		{363BA154-FEC9-4E1E-BC23-93CEC58AB785}.Debug|Win32.Build.0 = Debug|Win32
		{363BA154-FEC9-4E1E-BC23-93CEC58AB785}.Debug|x64.ActiveCfg = Debug|x64
		{363BA154-FEC9-4E1E-BC23-93CEC58AB785}.Debug|x64.Build.0 = Debug|x64
		{363BA154-FEC9-4E1E-BC23-93CEC58AB785}.Release|Any CPU.ActiveCfg = Release|Win32
		{363BA154-FEC9-4E1E-BC23-93CEC58AB785}.Release|Mixed Platforms.ActiveCfg = Release|Win32
		{363BA154-FEC9-4E1E-BC23-93CEC58AB785}.Release|Mixed Platforms.Build.0 = Release|Win32
		{363BA154-FEC9-4E1E-BC23-93CEC58AB785}.Release|Win32.ActiveCfg = Release|Win32
		{363BA154-FEC9-4E1E-BC23-93CEC58AB785}.Release|Win32.Build.0 = Release|Win32
		{363BA154-FEC9-4E1E-BC23-93CEC58AB785}.Release|x64.ActiveCfg = Release|x64
		{363BA154-FEC9-4E1E-BC23-93CEC58AB785}.Release|x64.Build.0 = Release|x64
		{7D98E2CB-876E-4F75-9F71-77D3FE87E149}.Debug|Any CPU.ActiveCfg = Debug|Win32
		{7D98E2CB-876E-4F75-9F71-77D3FE87E149}.Debug|Mixed Platforms.ActiveCfg = Debug|Win32
		{7D98E2CB-876E-4F75-9F71-77D3FE87E149}.Debug|Mixed Platforms.Build.0 = Debug|Win32
		{7D98E2CB-876E-4F75-9F71-77D3FE87E149}.Debug|Win32.ActiveCfg = Debug|Win32
		{7D98E2CB-876E-4F75-9F71-77D3FE87E149}.Debug|Win32.Build.0 = Debug|Win32
		{7D98E2CB-876E-4F75-9F71-77D3FE87E149}.Debug|x64.ActiveCfg = Debug|x64
		{7D98E2CB-876E-4F75-9F71-77D3FE87E149}.Debug|x64.Build.0 = Debug|x64
		{7D98E2CB-876E-4F75-9F71-77D3FE87E149}.Release|Any CPU.ActiveCfg = Release|Win32
		{7D98E2CB-876E-4F75-9F71-77D3FE87E149}.Release|Mixed Platforms.ActiveCfg = Release|Win32
		{7D98E2CB-876E-4F75-9F71-77D3FE87E149}.Release|Mixed Platforms.Build.0 = Release|Win32
		{7D98E2CB-876E-4F75-9F71-77D3FE87E149}.Release|Win32.ActiveCfg = Release|Win32
		{7D98E2CB-876E-4F75-9F71-77D3FE87E149}.Release|Win32.Build.0 = Release|Win32
		{7D98E2CB-876E-4F75-9F71-77D3FE87E149}.Release|x64.ActiveCfg = Release|x64
		{7D98E2CB-876E-4F75-9F71-77D3FE87E149}.Release|x64.Build.0 = Release|x64
		{02D45875-A8CF-41B9-990B-3699C0ECFE10}.Debug|Any CPU.ActiveCfg = Debug|Win32
		{02D45875-A8CF-41B9-990B-3699C0ECFE10}.Debug|Mixed Platforms.ActiveCfg = Debug|Win32
		{02D45875-A8CF-41B9-990B-3699C0ECFE10}.Debug|Mixed Platforms.Build.0 = Debug|Win32
		{02D45875-A8CF-41B9-990B-3699C0ECFE10}.Debug|Win32.ActiveCfg = Debug|Win32
		{02D45875-A8CF-41B9-990B-3699C0ECFE10}.Debug|Win32.Build.0 = Debug|Win32
		{02D45875-A8CF-41B9-990B-3699C0ECFE10}.Debug|x64.ActiveCfg = Debug|x64
		{02D45875-A8CF-41B9-990B-3699C0ECFE10}.Debug|x64.Build.0 = Debug|x64
		{02D45875-A8CF-41B9-990B-3699C0ECFE10}.Release|Any CPU.ActiveCfg = Release|Win32
		{02D45875-A8CF-41B9-990B-3699C0ECFE10}.Release|Mixed Platforms.ActiveCfg = Release|Win32
		{02D45875-A8CF-41B9-990B-3699C0ECFE10}.Release|Mixed Platforms.Build.0 = Release|Win32
		{02D45875-A8CF-41B9-990B-3699C0ECFE10}.Release|Win32.ActiveCfg = Release|Win32
		{02D45875-A8CF-41B9-990B-3699C0ECFE10}.Release|Win32.Build.0 = Release|Win32
		{02D45875-A8CF-41B9-990B-3699C0ECFE10}.Release|x64.ActiveCfg = Release|x64
		{02D45875-A8CF-41B9-990B-3699C0ECFE10}.Release|x64.Build.0 = Release|x64
		{175F0674-F0B9-479C-9C9D-76969C06D794}.Debug|Any CPU.ActiveCfg = Debug|Win32
		{175F0674-F0B9-479C-9C9D-76969C06D794}.Debug|Mixed Platforms.ActiveCfg = Debug|Win32
		{175F0674-F0B9-479C-9C9D-76969C06D794}.Debug|Mixed Platforms.Build.0 = Debug|Win32
		{175F0674-F0B9-479C-9C9D-76969C06D794}.Debug|Win32.ActiveCfg = Debug|Win32
		{175F0674-F0B9-479C-9C9D-76969C06D794}.Debug|Win32.Build.0 = Debug|Win32
		{175F0674-F0B9-479C-9C9D-76969C06D794}.Debug|x64.ActiveCfg = Debug|x64
		{175F0674-F0B9-479C-9C9D-76969C06D794}.Release|Any CPU.ActiveCfg = Release|Win32
		{175F0674-F0B9-479C-9C9D-76969C06D794}.Release|Mixed Platforms.ActiveCfg = Release|Win32
		{175F0674-F0B9-479C-9C9D-76969C06D794}.Release|Mixed Platforms.Build.0 = Release|Win32
		{175F0674-F0B9-479C-9C9D-76969C06D794}.Release|Win32.ActiveCfg = Release|Win32
		{175F0674-F0B9-479C-9C9D-76969C06D794}.Release|Win32.Build.0 = Release|Win32
		{175F0674-F0B9-479C-9C9D-76969C06D794}.Release|x64.ActiveCfg = Release|x64
		{9F2D36EA-6D9E-42CB-A648-BCC0CB3E68E6}.Debug|Any CPU.ActiveCfg = Debug|Win32
		{9F2D36EA-6D9E-42CB-A648-BCC0CB3E68E6}.Debug|Mixed Platforms.ActiveCfg = Debug|Win32
		{9F2D36EA-6D9E-42CB-A648-BCC0CB3E68E6}.Debug|Mixed Platforms.Build.0 = Debug|Win32
		{9F2D36EA-6D9E-42CB-A648-BCC0CB3E68E6}.Debug|Win32.ActiveCfg = Debug|Win32
		{9F2D36EA-6D9E-42CB-A648-BCC0CB3E68E6}.Debug|Win32.Build.0 = Debug|Win32
		{9F2D36EA-6D9E-42CB-A648-BCC0CB3E68E6}.Debug|x64.ActiveCfg = Debug|x64
		{9F2D36EA-6D9E-42CB-A648-BCC0CB3E68E6}.Release|Any CPU.ActiveCfg = Release|Win32
		{9F2D36EA-6D9E-42CB-A648-BCC0CB3E68E6}.Release|Mixed Platforms.ActiveCfg = Release|Win32
		{9F2D36EA-6D9E-42CB-A648-BCC0CB3E68E6}.Release|Mixed Platforms.Build.0 = Release|Win32
		{9F2D36EA-6D9E-42CB-A648-BCC0CB3E68E6}.Release|Win32.ActiveCfg = Release|Win32
		{9F2D36EA-6D9E-42CB-A648-BCC0CB3E68E6}.Release|Win32.Build.0 = Release|Win32
		{9F2D36EA-6D9E-42CB-A648-BCC0CB3E68E6}.Release|x64.ActiveCfg = Release|x64
		{71DA4595-E8A7-4B21-A00A-D96D29D11E3E}.Debug|Any CPU.ActiveCfg = Debug|x64
		{71DA4595-E8A7-4B21-A00A-D96D29D11E3E}.Debug|Mixed Platforms.ActiveCfg = Debug|Win32
		{71DA4595-E8A7-4B21-A00A-D96D29D11E3E}.Debug|Mixed Platforms.Build.0 = Debug|Win32
		{71DA4595-E8A7-4B21-A00A-D96D29D11E3E}.Debug|Win32.ActiveCfg = Debug|Win32
		{71DA4595-E8A7-4B21-A00A-D96D29D11E3E}.Debug|Win32.Build.0 = Debug|Win32
		{71DA4595-E8A7-4B21-A00A-D96D29D11E3E}.Debug|x64.ActiveCfg = Debug|x64
		{71DA4595-E8A7-4B21-A00A-D96D29D11E3E}.Debug|x64.Build.0 = Debug|x64
		{71DA4595-E8A7-4B21-A00A-D96D29D11E3E}.Release|Any CPU.ActiveCfg = Release|x64
		{71DA4595-E8A7-4B21-A00A-D96D29D11E3E}.Release|Mixed Platforms.ActiveCfg = Release|Win32
		{71DA4595-E8A7-4B21-A00A-D96D29D11E3E}.Release|Mixed Platforms.Build.0 = Release|Win32
		{71DA4595-E8A7-4B21-A00A-D96D29D11E3E}.Release|Win32.ActiveCfg = Release|Win32
		{71DA4595-E8A7-4B21-A00A-D96D29D11E3E}.Release|Win32.Build.0 = Release|Win32
		{71DA4595-E8A7-4B21-A00A-D96D29D11E3E}.Release|x64.ActiveCfg = Release|x64
		{71DA4595-E8A7-4B21-A00A-D96D29D11E3E}.Release|x64.Build.0 = Release|x64
	EndGlobalSection
	GlobalSection(SolutionProperties) = preSolution
		HideSolutionNode = FALSE
	EndGlobalSection
EndGlobal
